
Microsoft Visual Studio Solution File, Format Version 12.00
# Visual Studio Version 17
VisualStudioVersion = 17.5.002.0
MinimumVisualStudioVersion = 10.0.40219.1
Project("{9A19103F-16F7-4668-BE54-9A1E7A4F7556}") = "W5- Exception Handling", "W5- Exception Handling.csproj", "{56AE44AE-33EF-4DC5-9976-CC528B016243}"
EndProject
Global
	GlobalSection(SolutionConfigurationPlatforms) = preSolution
		Debug|Any CPU = Debug|Any CPU
		Release|Any CPU = Release|Any CPU
	EndGlobalSection
	GlobalSection(ProjectConfigurationPlatforms) = postSolution
		{56AE44AE-33EF-4DC5-9976-CC528B016243}.Debug|Any CPU.ActiveCfg = Debug|Any CPU
		{56AE44AE-33EF-4DC5-9976-CC528B016243}.Debug|Any CPU.Build.0 = Debug|Any CPU
		{56AE44AE-33EF-4DC5-9976-CC528B016243}.Release|Any CPU.ActiveCfg = Release|Any CPU
		{56AE44AE-33EF-4DC5-9976-CC528B016243}.Release|Any CPU.Build.0 = Release|Any CPU
	EndGlobalSection
	GlobalSection(SolutionProperties) = preSolution
		HideSolutionNode = FALSE
	EndGlobalSection
	GlobalSection(ExtensibilityGlobals) = postSolution
		SolutionGuid = {E55B61E6-48BE-4173-AA26-E52BD0688433}
	EndGlobalSection
EndGlobal
