
Microsoft Visual Studio Solution File, Format Version 12.00
# Visual Studio Version 17
VisualStudioVersion = 17.8.34525.116
MinimumVisualStudioVersion = 10.0.40219.1
Project("{FAE04EC0-301F-11D3-BF4B-00C04F79EFBC}") = "FlightSystem", "..\Coding Assignments\301432299_Lab04\FlightSystem\FlightSystem.csproj", "{F5A6BB2C-ABFE-43E6-A664-FFFCA2537390}"
EndProject
Global
	GlobalSection(SolutionConfigurationPlatforms) = preSolution
		Debug|Any CPU = Debug|Any CPU
		Release|Any CPU = Release|Any CPU
	EndGlobalSection
	GlobalSection(ProjectConfigurationPlatforms) = postSolution
		{F5A6BB2C-ABFE-43E6-A664-FFFCA2537390}.Debug|Any CPU.ActiveCfg = Debug|Any CPU
		{F5A6BB2C-ABFE-43E6-A664-FFFCA2537390}.Debug|Any CPU.Build.0 = Debug|Any CPU
		{F5A6BB2C-ABFE-43E6-A664-FFFCA2537390}.Release|Any CPU.ActiveCfg = Release|Any CPU
		{F5A6BB2C-ABFE-43E6-A664-FFFCA2537390}.Release|Any CPU.Build.0 = Release|Any CPU
	EndGlobalSection
	GlobalSection(SolutionProperties) = preSolution
		HideSolutionNode = FALSE
	EndGlobalSection
	GlobalSection(ExtensibilityGlobals) = postSolution
		SolutionGuid = {2BA0CAB3-F2AC-4D28-9831-037AF2C32F6D}
	EndGlobalSection
EndGlobal
