
Microsoft Visual Studio Solution File, Format Version 12.00
# Visual Studio Version 17
VisualStudioVersion = 17.8.34525.116
MinimumVisualStudioVersion = 10.0.40219.1
Project("{FAE04EC0-301F-11D3-BF4B-00C04F79EFBC}") = "301432299_Lab06", "301432299_Lab06.csproj", "{BC4C7610-ED13-4148-A77F-313566580989}"
EndProject
Global
	GlobalSection(SolutionConfigurationPlatforms) = preSolution
		Debug|Any CPU = Debug|Any CPU
		Release|Any CPU = Release|Any CPU
	EndGlobalSection
	GlobalSection(ProjectConfigurationPlatforms) = postSolution
		{BC4C7610-ED13-4148-A77F-313566580989}.Debug|Any CPU.ActiveCfg = Debug|Any CPU
		{BC4C7610-ED13-4148-A77F-313566580989}.Debug|Any CPU.Build.0 = Debug|Any CPU
		{BC4C7610-ED13-4148-A77F-313566580989}.Release|Any CPU.ActiveCfg = Release|Any CPU
		{BC4C7610-ED13-4148-A77F-313566580989}.Release|Any CPU.Build.0 = Release|Any CPU
	EndGlobalSection
	GlobalSection(SolutionProperties) = preSolution
		HideSolutionNode = FALSE
	EndGlobalSection
	GlobalSection(ExtensibilityGlobals) = postSolution
		SolutionGuid = {3BE0D52A-5DCB-4827-B993-7C8D052E38AF}
	EndGlobalSection
EndGlobal
